
Microsoft Visual Studio Solution File, Format Version 12.00
# Visual Studio Version 17
VisualStudioVersion = 17.4.33213.308
MinimumVisualStudioVersion = 10.0.40219.1
Project("{9A19103F-16F7-4668-BE54-9A1E7A4F7556}") = "ProgramacionWeb_1057719_Project", "ProgramacionWeb_1057719_Project\ProgramacionWeb_1057719_Project.csproj", "{71AF20FE-5044-43D0-BA83-999DEA1F2F18}"
EndProject
Project("{FAE04EC0-301F-11D3-BF4B-00C04F79EFBC}") = "BolsasSiguereModel", "BolsasSiguereModel\BolsasSiguereModel.csproj", "{6E629A05-D395-4B18-9F70-DF4B9CFA8214}"
EndProject
Global
	GlobalSection(SolutionConfigurationPlatforms) = preSolution
		Debug|Any CPU = Debug|Any CPU
		Release|Any CPU = Release|Any CPU
	EndGlobalSection
	GlobalSection(ProjectConfigurationPlatforms) = postSolution
		{71AF20FE-5044-43D0-BA83-999DEA1F2F18}.Debug|Any CPU.ActiveCfg = Debug|Any CPU
		{71AF20FE-5044-43D0-BA83-999DEA1F2F18}.Debug|Any CPU.Build.0 = Debug|Any CPU
		{71AF20FE-5044-43D0-BA83-999DEA1F2F18}.Release|Any CPU.ActiveCfg = Release|Any CPU
		{71AF20FE-5044-43D0-BA83-999DEA1F2F18}.Release|Any CPU.Build.0 = Release|Any CPU
		{6E629A05-D395-4B18-9F70-DF4B9CFA8214}.Debug|Any CPU.ActiveCfg = Debug|Any CPU
		{6E629A05-D395-4B18-9F70-DF4B9CFA8214}.Debug|Any CPU.Build.0 = Debug|Any CPU
		{6E629A05-D395-4B18-9F70-DF4B9CFA8214}.Release|Any CPU.ActiveCfg = Release|Any CPU
		{6E629A05-D395-4B18-9F70-DF4B9CFA8214}.Release|Any CPU.Build.0 = Release|Any CPU
	EndGlobalSection
	GlobalSection(SolutionProperties) = preSolution
		HideSolutionNode = FALSE
	EndGlobalSection
	GlobalSection(ExtensibilityGlobals) = postSolution
		SolutionGuid = {7FAAD7EE-BA60-4873-8201-B9708B04F4BE}
	EndGlobalSection
EndGlobal
